
Microsoft Visual Studio Solution File, Format Version 12.00
# Visual Studio 2013
VisualStudioVersion = 12.0.40629.0
MinimumVisualStudioVersion = 10.0.40219.1
Project("{FAE04EC0-301F-11D3-BF4B-00C04F79EFBC}") = "Berlitz.Cosmos.Web.Html5", "Berlitz.Cosmos.Web.Html5\Berlitz.Cosmos.Web.Html5.csproj", "{79802A43-3D6E-44FD-9541-8BED244BBFBA}"
EndProject
Global
	GlobalSection(SolutionConfigurationPlatforms) = preSolution
		Debug|Any CPU = Debug|Any CPU
		Release|Any CPU = Release|Any CPU
	EndGlobalSection
	GlobalSection(ProjectConfigurationPlatforms) = postSolution
		{79802A43-3D6E-44FD-9541-8BED244BBFBA}.Debug|Any CPU.ActiveCfg = Debug|Any CPU
		{79802A43-3D6E-44FD-9541-8BED244BBFBA}.Debug|Any CPU.Build.0 = Debug|Any CPU
		{79802A43-3D6E-44FD-9541-8BED244BBFBA}.Release|Any CPU.ActiveCfg = Release|Any CPU
		{79802A43-3D6E-44FD-9541-8BED244BBFBA}.Release|Any CPU.Build.0 = Release|Any CPU
	EndGlobalSection
	GlobalSection(SolutionProperties) = preSolution
		HideSolutionNode = FALSE
	EndGlobalSection
EndGlobal
